// !$*UTF8*$!
{
	archiveVersion = 1;
	classes = {
	};
	objectVersion = 46;
	objects = {

/* Begin PBXBuildFile section */
		B6A87CE81AB8AAC10006878E /* main.m in Sources */ = {isa = PBXBuildFile; fileRef = B6A87CE71AB8AAC10006878E /* main.m */; };
		B6A87CF01AB8AE230006878E /* MuhArrays.m in Sources */ = {isa = PBXBuildFile; fileRef = B6A87CEF1AB8AE230006878E /* MuhArrays.m */; };
/* End PBXBuildFile section */

/* Begin PBXCopyFilesBuildPhase section */
		B6A87CE21AB8AAC10006878E /* CopyFiles */ = {
			isa = PBXCopyFilesBuildPhase;
			buildActionMask = 2147483647;
			dstPath = /usr/share/man/man1/;
			dstSubfolderSpec = 0;
			files = (
			);
			runOnlyForDeploymentPostprocessing = 1;
		};
/* End PBXCopyFilesBuildPhase section */

/* Begin PBXFileReference section */
		B6A87CE41AB8AAC10006878E /* SortingArrays */ = {isa = PBXFileReference; explicitFileType = "compiled.mach-o.executable"; includeInIndex = 0; path = SortingArrays; sourceTree = BUILT_PRODUCTS_DIR; };
		B6A87CE71AB8AAC10006878E /* main.m */ = {isa = PBXFileReference; lastKnownFileType = sourcecode.c.objc; path = main.m; sourceTree = "<group>"; };
		B6A87CEE1AB8AE230006878E /* MuhArrays.h */ = {isa = PBXFileReference; fileEncoding = 4; lastKnownFileType = sourcecode.c.h; path = MuhArrays.h; sourceTree = "<group>"; };
		B6A87CEF1AB8AE230006878E /* MuhArrays.m */ = {isa = PBXFileReference; fileEncoding = 4; lastKnownFileType = sourcecode.c.objc; path = MuhArrays.m; sourceTree = "<group>"; };
/* End PBXFileReference section */

/* Begin PBXFrameworksBuildPhase section */
		B6A87CE11AB8AAC10006878E /* Frameworks */ = {
			isa = PBXFrameworksBuildPhase;
			buildActionMask = 2147483647;
			files = (
			);
			runOnlyForDeploymentPostprocessing = 0;
		};
/* End PBXFrameworksBuildPhase section */

/* Begin PBXGroup section */
		B6A87CDB1AB8AAC10006878E = {
			isa = PBXGroup;
			children = (
				B6A87CE61AB8AAC10006878E /* SortingArrays */,
				B6A87CE51AB8AAC10006878E /* Products */,
			);
			sourceTree = "<group>";
		};
		B6A87CE51AB8AAC10006878E /* Products */ = {
			isa = PBXGroup;
			children = (
				B6A87CE41AB8AAC10006878E /* SortingArrays */,
			);
			name = Products;
			sourceTree = "<group>";
		};
		B6A87CE61AB8AAC10006878E /* SortingArrays */ = {
			isa = PBXGroup;
			children = (
				B6A87CE71AB8AAC10006878E /* main.m */,
				B6A87CEE1AB8AE230006878E /* MuhArrays.h */,
				B6A87CEF1AB8AE230006878E /* MuhArrays.m */,
			);
			path = SortingArrays;
			sourceTree = "<group>";
		};
/* End PBXGroup section */

/* Begin PBXNativeTarget section */
		B6A87CE31AB8AAC10006878E /* SortingArrays */ = {
			isa = PBXNativeTarget;
			buildConfigurationList = B6A87CEB1AB8AAC10006878E /* Build configuration list for PBXNativeTarget "SortingArrays" */;
			buildPhases = (
				B6A87CE01AB8AAC10006878E /* Sources */,
				B6A87CE11AB8AAC10006878E /* Frameworks */,
				B6A87CE21AB8AAC10006878E /* CopyFiles */,
			);
			buildRules = (
			);
			dependencies = (
			);
			name = SortingArrays;
			productName = SortingArrays;
			productReference = B6A87CE41AB8AAC10006878E /* SortingArrays */;
			productType = "com.apple.product-type.tool";
		};
/* End PBXNativeTarget section */

/* Begin PBXProject section */
		B6A87CDC1AB8AAC10006878E /* Project object */ = {
			isa = PBXProject;
			attributes = {
				LastUpgradeCheck = 0620;
				ORGANIZATIONNAME = cghcapital;
				TargetAttributes = {
					B6A87CE31AB8AAC10006878E = {
						CreatedOnToolsVersion = 6.2;
					};
				};
			};
			buildConfigurationList = B6A87CDF1AB8AAC10006878E /* Build configuration list for PBXProject "SortingArrays" */;
			compatibilityVersion = "Xcode 3.2";
			developmentRegion = English;
			hasScannedForEncodings = 0;
			knownRegions = (
				en,
			);
			mainGroup = B6A87CDB1AB8AAC10006878E;
			productRefGroup = B6A87CE51AB8AAC10006878E /* Products */;
			projectDirPath = "";
			projectRoot = "";
			targets = (
				B6A87CE31AB8AAC10006878E /* SortingArrays */,
			);
		};
/* End PBXProject section */

/* Begin PBXSourcesBuildPhase section */
		B6A87CE01AB8AAC10006878E /* Sources */ = {
			isa = PBXSourcesBuildPhase;
			buildActionMask = 2147483647;
			files = (
				B6A87CF01AB8AE230006878E /* MuhArrays.m in Sources */,
				B6A87CE81AB8AAC10006878E /* main.m in Sources */,
			);
			runOnlyForDeploymentPostprocessing = 0;
		};
/* End PBXSourcesBuildPhase section */

/* Begin XCBuildConfiguration section */
		B6A87CE91AB8AAC10006878E /* Debug */ = {
			isa = XCBuildConfiguration;
			buildSettings = {
				ALWAYS_SEARCH_USER_PATHS = NO;
				CLANG_CXX_LANGUAGE_STANDARD = "gnu++0x";
				CLANG_CXX_LIBRARY = "libc++";
				CLANG_ENABLE_MODULES = YES;
				CLANG_ENABLE_OBJC_ARC = YES;
				CLANG_WARN_BOOL_CONVERSION = YES;
				CLANG_WARN_CONSTANT_CONVERSION = YES;
				CLANG_WARN_DIRECT_OBJC_ISA_USAGE = YES_ERROR;
				CLANG_WARN_EMPTY_BODY = YES;
				CLANG_WARN_ENUM_CONVERSION = YES;
				CLANG_WARN_INT_CONVERSION = YES;
				CLANG_WARN_OBJC_ROOT_CLASS = YES_ERROR;
				CLANG_WARN_UNREACHABLE_CODE = YES;
				CLANG_WARN__DUPLICATE_METHOD_MATCH = YES;
				COPY_PHASE_STRIP = NO;
				ENABLE_STRICT_OBJC_MSGSEND = YES;
				GCC_C_LANGUAGE_STANDARD = gnu99;
				GCC_DYNAMIC_NO_PIC = NO;
				GCC_OPTIMIZATION_LEVEL = 0;
				GCC_PREPROCESSOR_DEFINITIONS = (
					"DEBUG=1",
					"$(inherited)",
				);
				GCC_SYMBOLS_PRIVATE_EXTERN = NO;
				GCC_WARN_64_TO_32_BIT_CONVERSION = YES;
				GCC_WARN_ABOUT_RETURN_TYPE = YES_ERROR;
				GCC_WARN_UNDECLARED_SELECTOR = YES;
				GCC_WARN_UNINITIALIZED_AUTOS = YES_AGGRESSIVE;
				GCC_WARN_UNUSED_FUNCTION = YES;
				GCC_WARN_UNUSED_VARIABLE = YES;
				MACOSX_DEPLOYMENT_TARGET = 10.10;
				MTL_ENABLE_DEBUG_INFO = YES;
				ONLY_ACTIVE_ARCH = YES;
				SDKROOT = macosx;
			};
			name = Debug;
		};
		B6A87CEA1AB8AAC10006878E /* Release */ = {
			isa = XCBuildConfiguration;
			buildSettings = {
				ALWAYS_SEARCH_USER_PATHS = NO;
				CLANG_CXX_LANGUAGE_STANDARD = "gnu++0x";
				CLANG_CXX_LIBRARY = "libc++";
				CLANG_ENABLE_MODULES = YES;
				CLANG_ENABLE_OBJC_ARC = YES;
				CLANG_WARN_BOOL_CONVERSION = YES;
				CLANG_WARN_CONSTANT_CONVERSION = YES;
				CLANG_WARN_DIRECT_OBJC_ISA_USAGE = YES_ERROR;
				CLANG_WARN_EMPTY_BODY = YES;
				CLANG_WARN_ENUM_CONVERSION = YES;
				CLANG_WARN_INT_CONVERSION = YES;
				CLANG_WARN_OBJC_ROOT_CLASS = YES_ERROR;
				CLANG_WARN_UNREACHABLE_CODE = YES;
				CLANG_WARN__DUPLICATE_METHOD_MATCH = YES;
				COPY_PHASE_STRIP = NO;
				DEBUG_INFORMATION_FORMAT = "dwarf-with-dsym";
				ENABLE_NS_ASSERTIONS = NO;
				ENABLE_STRICT_OBJC_MSGSEND = YES;
				GCC_C_LANGUAGE_STANDARD = gnu99;
				GCC_WARN_64_TO_32_BIT_CONVERSION = YES;
				GCC_WARN_ABOUT_RETURN_TYPE = YES_ERROR;
				GCC_WARN_UNDECLARED_SELECTOR = YES;
				GCC_WARN_UNINITIALIZED_AUTOS = YES_AGGRESSIVE;
				GCC_WARN_UNUSED_FUNCTION = YES;
				GCC_WARN_UNUSED_VARIABLE = YES;
				MACOSX_DEPLOYMENT_TARGET = 10.10;
				MTL_ENABLE_DEBUG_INFO = NO;
				SDKROOT = macosx;
			};
			name = Release;
		};
		B6A87CEC1AB8AAC10006878E /* Debug */ = {
			isa = XCBuildConfiguration;
			buildSettings = {
				PRODUCT_NAME = "$(TARGET_NAME)";
			};
			name = Debug;
		};
		B6A87CED1AB8AAC10006878E /* Release */ = {
			isa = XCBuildConfiguration;
			buildSettings = {
				PRODUCT_NAME = "$(TARGET_NAME)";
			};
			name = Release;
		};
/* End XCBuildConfiguration section */

/* Begin XCConfigurationList section */
		B6A87CDF1AB8AAC10006878E /* Build configuration list for PBXProject "SortingArrays" */ = {
			isa = XCConfigurationList;
			buildConfigurations = (
				B6A87CE91AB8AAC10006878E /* Debug */,
				B6A87CEA1AB8AAC10006878E /* Release */,
			);
			defaultConfigurationIsVisible = 0;
			defaultConfigurationName = Release;
		};
		B6A87CEB1AB8AAC10006878E /* Build configuration list for PBXNativeTarget "SortingArrays" */ = {
			isa = XCConfigurationList;
			buildConfigurations = (
				B6A87CEC1AB8AAC10006878E /* Debug */,
				B6A87CED1AB8AAC10006878E /* Release */,
			);
			defaultConfigurationIsVisible = 0;
		};
/* End XCConfigurationList section */
	};
	rootObject = B6A87CDC1AB8AAC10006878E /* Project object */;
}
